
Microsoft Visual Studio Solution File, Format Version 12.00
# Visual Studio 14
VisualStudioVersion = 14.0.25420.1
MinimumVisualStudioVersion = 10.0.40219.1
Project("{FAE04EC0-301F-11D3-BF4B-00C04F79EFBC}") = "ConsoleApp", "ConsoleApp\ConsoleApp.csproj", "{135FC428-D183-488D-8C6D-B31B4725E897}"
EndProject
Project("{FAE04EC0-301F-11D3-BF4B-00C04F79EFBC}") = "ClassLibrary1", "ClassLibrary1\ClassLibrary1.csproj", "{D06FCBF2-C381-45D4-B551-7A581E77309A}"
EndProject
Project("{FAE04EC0-301F-11D3-BF4B-00C04F79EFBC}") = "WindowsFormsApplication1", "WindowsFormsApplication1\WindowsFormsApplication1.csproj", "{8C7741F0-2218-4A29-B9A1-8C0D83E76B7C}"
EndProject
Global
	GlobalSection(SolutionConfigurationPlatforms) = preSolution
		Debug|Any CPU = Debug|Any CPU
		Release|Any CPU = Release|Any CPU
	EndGlobalSection
	GlobalSection(ProjectConfigurationPlatforms) = postSolution
		{135FC428-D183-488D-8C6D-B31B4725E897}.Debug|Any CPU.ActiveCfg = Debug|Any CPU
		{135FC428-D183-488D-8C6D-B31B4725E897}.Debug|Any CPU.Build.0 = Debug|Any CPU
		{135FC428-D183-488D-8C6D-B31B4725E897}.Release|Any CPU.ActiveCfg = Release|Any CPU
		{135FC428-D183-488D-8C6D-B31B4725E897}.Release|Any CPU.Build.0 = Release|Any CPU
		{D06FCBF2-C381-45D4-B551-7A581E77309A}.Debug|Any CPU.ActiveCfg = Debug|Any CPU
		{D06FCBF2-C381-45D4-B551-7A581E77309A}.Debug|Any CPU.Build.0 = Debug|Any CPU
		{D06FCBF2-C381-45D4-B551-7A581E77309A}.Release|Any CPU.ActiveCfg = Release|Any CPU
		{D06FCBF2-C381-45D4-B551-7A581E77309A}.Release|Any CPU.Build.0 = Release|Any CPU
		{8C7741F0-2218-4A29-B9A1-8C0D83E76B7C}.Debug|Any CPU.ActiveCfg = Debug|Any CPU
		{8C7741F0-2218-4A29-B9A1-8C0D83E76B7C}.Debug|Any CPU.Build.0 = Debug|Any CPU
		{8C7741F0-2218-4A29-B9A1-8C0D83E76B7C}.Release|Any CPU.ActiveCfg = Release|Any CPU
		{8C7741F0-2218-4A29-B9A1-8C0D83E76B7C}.Release|Any CPU.Build.0 = Release|Any CPU
	EndGlobalSection
	GlobalSection(SolutionProperties) = preSolution
		HideSolutionNode = FALSE
	EndGlobalSection
EndGlobal
